
Microsoft Visual Studio Solution File, Format Version 12.00
# Visual Studio Version 17
VisualStudioVersion = 17.5.33516.290
MinimumVisualStudioVersion = 10.0.40219.1
Project("{FAE04EC0-301F-11D3-BF4B-00C04F79EFBC}") = "Semana3.Android", "Semana3.Android\Semana3.Android.csproj", "{855E1CF8-2F5F-4805-AB08-4BD68AA50A94}"
EndProject
Project("{FAE04EC0-301F-11D3-BF4B-00C04F79EFBC}") = "Semana3.iOS", "Semana3.iOS\Semana3.iOS.csproj", "{9223A504-5F55-48C1-8A3B-043E8D6ABF98}"
EndProject
Project("{FAE04EC0-301F-11D3-BF4B-00C04F79EFBC}") = "Semana3", "Semana3\Semana3.csproj", "{6EC423B8-94A8-485B-BBD6-CD20544BADC8}"
EndProject
Global
	GlobalSection(SolutionConfigurationPlatforms) = preSolution
		Debug|Any CPU = Debug|Any CPU
		Debug|iPhone = Debug|iPhone
		Debug|iPhoneSimulator = Debug|iPhoneSimulator
		Release|Any CPU = Release|Any CPU
		Release|iPhone = Release|iPhone
		Release|iPhoneSimulator = Release|iPhoneSimulator
	EndGlobalSection
	GlobalSection(ProjectConfigurationPlatforms) = postSolution
		{855E1CF8-2F5F-4805-AB08-4BD68AA50A94}.Debug|Any CPU.ActiveCfg = Debug|Any CPU
		{855E1CF8-2F5F-4805-AB08-4BD68AA50A94}.Debug|Any CPU.Build.0 = Debug|Any CPU
		{855E1CF8-2F5F-4805-AB08-4BD68AA50A94}.Debug|Any CPU.Deploy.0 = Debug|Any CPU
		{855E1CF8-2F5F-4805-AB08-4BD68AA50A94}.Debug|iPhone.ActiveCfg = Debug|Any CPU
		{855E1CF8-2F5F-4805-AB08-4BD68AA50A94}.Debug|iPhone.Build.0 = Debug|Any CPU
		{855E1CF8-2F5F-4805-AB08-4BD68AA50A94}.Debug|iPhone.Deploy.0 = Debug|Any CPU
		{855E1CF8-2F5F-4805-AB08-4BD68AA50A94}.Debug|iPhoneSimulator.ActiveCfg = Debug|Any CPU
		{855E1CF8-2F5F-4805-AB08-4BD68AA50A94}.Debug|iPhoneSimulator.Build.0 = Debug|Any CPU
		{855E1CF8-2F5F-4805-AB08-4BD68AA50A94}.Debug|iPhoneSimulator.Deploy.0 = Debug|Any CPU
		{855E1CF8-2F5F-4805-AB08-4BD68AA50A94}.Release|Any CPU.ActiveCfg = Release|Any CPU
		{855E1CF8-2F5F-4805-AB08-4BD68AA50A94}.Release|Any CPU.Build.0 = Release|Any CPU
		{855E1CF8-2F5F-4805-AB08-4BD68AA50A94}.Release|Any CPU.Deploy.0 = Release|Any CPU
		{855E1CF8-2F5F-4805-AB08-4BD68AA50A94}.Release|iPhone.ActiveCfg = Release|Any CPU
		{855E1CF8-2F5F-4805-AB08-4BD68AA50A94}.Release|iPhone.Build.0 = Release|Any CPU
		{855E1CF8-2F5F-4805-AB08-4BD68AA50A94}.Release|iPhone.Deploy.0 = Release|Any CPU
		{855E1CF8-2F5F-4805-AB08-4BD68AA50A94}.Release|iPhoneSimulator.ActiveCfg = Release|Any CPU
		{855E1CF8-2F5F-4805-AB08-4BD68AA50A94}.Release|iPhoneSimulator.Build.0 = Release|Any CPU
		{855E1CF8-2F5F-4805-AB08-4BD68AA50A94}.Release|iPhoneSimulator.Deploy.0 = Release|Any CPU
		{9223A504-5F55-48C1-8A3B-043E8D6ABF98}.Debug|Any CPU.ActiveCfg = Debug|iPhone
		{9223A504-5F55-48C1-8A3B-043E8D6ABF98}.Debug|Any CPU.Build.0 = Debug|iPhone
		{9223A504-5F55-48C1-8A3B-043E8D6ABF98}.Debug|Any CPU.Deploy.0 = Debug|iPhone
		{9223A504-5F55-48C1-8A3B-043E8D6ABF98}.Debug|iPhone.ActiveCfg = Debug|iPhone
		{9223A504-5F55-48C1-8A3B-043E8D6ABF98}.Debug|iPhone.Build.0 = Debug|iPhone
		{9223A504-5F55-48C1-8A3B-043E8D6ABF98}.Debug|iPhone.Deploy.0 = Debug|iPhone
		{9223A504-5F55-48C1-8A3B-043E8D6ABF98}.Debug|iPhoneSimulator.ActiveCfg = Debug|iPhoneSimulator
		{9223A504-5F55-48C1-8A3B-043E8D6ABF98}.Debug|iPhoneSimulator.Build.0 = Debug|iPhoneSimulator
		{9223A504-5F55-48C1-8A3B-043E8D6ABF98}.Debug|iPhoneSimulator.Deploy.0 = Debug|iPhoneSimulator
		{9223A504-5F55-48C1-8A3B-043E8D6ABF98}.Release|Any CPU.ActiveCfg = Release|iPhoneSimulator
		{9223A504-5F55-48C1-8A3B-043E8D6ABF98}.Release|Any CPU.Build.0 = Release|iPhoneSimulator
		{9223A504-5F55-48C1-8A3B-043E8D6ABF98}.Release|Any CPU.Deploy.0 = Release|iPhoneSimulator
		{9223A504-5F55-48C1-8A3B-043E8D6ABF98}.Release|iPhone.ActiveCfg = Release|iPhone
		{9223A504-5F55-48C1-8A3B-043E8D6ABF98}.Release|iPhone.Build.0 = Release|iPhone
		{9223A504-5F55-48C1-8A3B-043E8D6ABF98}.Release|iPhone.Deploy.0 = Release|iPhone
		{9223A504-5F55-48C1-8A3B-043E8D6ABF98}.Release|iPhoneSimulator.ActiveCfg = Release|iPhoneSimulator
		{9223A504-5F55-48C1-8A3B-043E8D6ABF98}.Release|iPhoneSimulator.Build.0 = Release|iPhoneSimulator
		{9223A504-5F55-48C1-8A3B-043E8D6ABF98}.Release|iPhoneSimulator.Deploy.0 = Release|iPhoneSimulator
		{6EC423B8-94A8-485B-BBD6-CD20544BADC8}.Debug|Any CPU.ActiveCfg = Debug|Any CPU
		{6EC423B8-94A8-485B-BBD6-CD20544BADC8}.Debug|Any CPU.Build.0 = Debug|Any CPU
		{6EC423B8-94A8-485B-BBD6-CD20544BADC8}.Debug|Any CPU.Deploy.0 = Debug|Any CPU
		{6EC423B8-94A8-485B-BBD6-CD20544BADC8}.Debug|iPhone.ActiveCfg = Debug|Any CPU
		{6EC423B8-94A8-485B-BBD6-CD20544BADC8}.Debug|iPhone.Build.0 = Debug|Any CPU
		{6EC423B8-94A8-485B-BBD6-CD20544BADC8}.Debug|iPhone.Deploy.0 = Debug|Any CPU
		{6EC423B8-94A8-485B-BBD6-CD20544BADC8}.Debug|iPhoneSimulator.ActiveCfg = Debug|Any CPU
		{6EC423B8-94A8-485B-BBD6-CD20544BADC8}.Debug|iPhoneSimulator.Build.0 = Debug|Any CPU
		{6EC423B8-94A8-485B-BBD6-CD20544BADC8}.Debug|iPhoneSimulator.Deploy.0 = Debug|Any CPU
		{6EC423B8-94A8-485B-BBD6-CD20544BADC8}.Release|Any CPU.ActiveCfg = Release|Any CPU
		{6EC423B8-94A8-485B-BBD6-CD20544BADC8}.Release|Any CPU.Build.0 = Release|Any CPU
		{6EC423B8-94A8-485B-BBD6-CD20544BADC8}.Release|Any CPU.Deploy.0 = Release|Any CPU
		{6EC423B8-94A8-485B-BBD6-CD20544BADC8}.Release|iPhone.ActiveCfg = Release|Any CPU
		{6EC423B8-94A8-485B-BBD6-CD20544BADC8}.Release|iPhone.Build.0 = Release|Any CPU
		{6EC423B8-94A8-485B-BBD6-CD20544BADC8}.Release|iPhone.Deploy.0 = Release|Any CPU
		{6EC423B8-94A8-485B-BBD6-CD20544BADC8}.Release|iPhoneSimulator.ActiveCfg = Release|Any CPU
		{6EC423B8-94A8-485B-BBD6-CD20544BADC8}.Release|iPhoneSimulator.Build.0 = Release|Any CPU
		{6EC423B8-94A8-485B-BBD6-CD20544BADC8}.Release|iPhoneSimulator.Deploy.0 = Release|Any CPU
	EndGlobalSection
	GlobalSection(SolutionProperties) = preSolution
		HideSolutionNode = FALSE
	EndGlobalSection
	GlobalSection(ExtensibilityGlobals) = postSolution
		SolutionGuid = {0FEA3271-27A2-4CAB-802C-ECD85A9B01C8}
	EndGlobalSection
EndGlobal
